
Microsoft Visual Studio Solution File, Format Version 12.00
# Visual Studio Version 16
VisualStudioVersion = 16.0.31105.61
MinimumVisualStudioVersion = 10.0.40219.1
Project("{FAE04EC0-301F-11D3-BF4B-00C04F79EFBC}") = "KM_Image_Processing_Client", "KM_Image_Processing_Client\KM_Image_Processing_Client.csproj", "{B5498BEF-1C45-42BD-9494-D08DDED776E7}"
	ProjectSection(ProjectDependencies) = postProject
		{D441505C-FF40-4C45-8230-4E6A014F3BCF} = {D441505C-FF40-4C45-8230-4E6A014F3BCF}
	EndProjectSection
EndProject
Project("{FAE04EC0-301F-11D3-BF4B-00C04F79EFBC}") = "KM_Image_Processing_Service", "KM_Image_Processing_Service\KM_Image_Processing_Service.csproj", "{D441505C-FF40-4C45-8230-4E6A014F3BCF}"
EndProject
Global
	GlobalSection(SolutionConfigurationPlatforms) = preSolution
		Debug|Any CPU = Debug|Any CPU
		Release|Any CPU = Release|Any CPU
	EndGlobalSection
	GlobalSection(ProjectConfigurationPlatforms) = postSolution
		{B5498BEF-1C45-42BD-9494-D08DDED776E7}.Debug|Any CPU.ActiveCfg = Debug|Any CPU
		{B5498BEF-1C45-42BD-9494-D08DDED776E7}.Debug|Any CPU.Build.0 = Debug|Any CPU
		{B5498BEF-1C45-42BD-9494-D08DDED776E7}.Release|Any CPU.ActiveCfg = Release|Any CPU
		{B5498BEF-1C45-42BD-9494-D08DDED776E7}.Release|Any CPU.Build.0 = Release|Any CPU
		{D441505C-FF40-4C45-8230-4E6A014F3BCF}.Debug|Any CPU.ActiveCfg = Debug|Any CPU
		{D441505C-FF40-4C45-8230-4E6A014F3BCF}.Debug|Any CPU.Build.0 = Debug|Any CPU
		{D441505C-FF40-4C45-8230-4E6A014F3BCF}.Release|Any CPU.ActiveCfg = Release|Any CPU
		{D441505C-FF40-4C45-8230-4E6A014F3BCF}.Release|Any CPU.Build.0 = Release|Any CPU
	EndGlobalSection
	GlobalSection(SolutionProperties) = preSolution
		HideSolutionNode = FALSE
	EndGlobalSection
	GlobalSection(ExtensibilityGlobals) = postSolution
		SolutionGuid = {D71D5152-9800-4722-8DD5-06144924F703}
	EndGlobalSection
EndGlobal
